
Microsoft Visual Studio Solution File, Format Version 11.00
# Visual Studio 2010
Project("{FAE04EC0-301F-11D3-BF4B-00C04F79EFBC}") = "DefendTheBase", "DefendTheBase\DefendTheBase\DefendTheBase.csproj", "{99D65FC8-C967-42C4-ACED-83B1ED4D357A}"
EndProject
Project("{FAE04EC0-301F-11D3-BF4B-00C04F79EFBC}") = "DefendTheBaseContent", "DefendTheBase\DefendTheBaseContent\DefendTheBaseContent.contentproj", "{BB365C76-A170-4BD2-AF4E-DC648192C50F}"
EndProject
Project("{FAE04EC0-301F-11D3-BF4B-00C04F79EFBC}") = "Flextensions", "Flextensions\Flextensions\Flextensions.csproj", "{42793B89-19BF-4B3E-AA2C-9711D3A89CDC}"
EndProject
Project("{FAE04EC0-301F-11D3-BF4B-00C04F79EFBC}") = "UiExt", "UiExt\UiExt.csproj", "{65823548-5C51-46FD-867F-CBB709A0CAEE}"
EndProject
Global
	GlobalSection(SolutionConfigurationPlatforms) = preSolution
		Debug|Mixed Platforms = Debug|Mixed Platforms
		Debug|x86 = Debug|x86
		Debug|Xbox 360 = Debug|Xbox 360
		Release|Mixed Platforms = Release|Mixed Platforms
		Release|x86 = Release|x86
		Release|Xbox 360 = Release|Xbox 360
	EndGlobalSection
	GlobalSection(ProjectConfigurationPlatforms) = postSolution
		{99D65FC8-C967-42C4-ACED-83B1ED4D357A}.Debug|Mixed Platforms.ActiveCfg = Debug|x86
		{99D65FC8-C967-42C4-ACED-83B1ED4D357A}.Debug|Mixed Platforms.Build.0 = Debug|x86
		{99D65FC8-C967-42C4-ACED-83B1ED4D357A}.Debug|x86.ActiveCfg = Debug|x86
		{99D65FC8-C967-42C4-ACED-83B1ED4D357A}.Debug|x86.Build.0 = Debug|x86
		{99D65FC8-C967-42C4-ACED-83B1ED4D357A}.Debug|Xbox 360.ActiveCfg = Debug|x86
		{99D65FC8-C967-42C4-ACED-83B1ED4D357A}.Debug|Xbox 360.Build.0 = Debug|x86
		{99D65FC8-C967-42C4-ACED-83B1ED4D357A}.Release|Mixed Platforms.ActiveCfg = Release|x86
		{99D65FC8-C967-42C4-ACED-83B1ED4D357A}.Release|Mixed Platforms.Build.0 = Release|x86
		{99D65FC8-C967-42C4-ACED-83B1ED4D357A}.Release|x86.ActiveCfg = Release|x86
		{99D65FC8-C967-42C4-ACED-83B1ED4D357A}.Release|x86.Build.0 = Release|x86
		{99D65FC8-C967-42C4-ACED-83B1ED4D357A}.Release|Xbox 360.ActiveCfg = Release|x86
		{99D65FC8-C967-42C4-ACED-83B1ED4D357A}.Release|Xbox 360.Build.0 = Release|x86
		{BB365C76-A170-4BD2-AF4E-DC648192C50F}.Debug|Mixed Platforms.ActiveCfg = Debug|x86
		{BB365C76-A170-4BD2-AF4E-DC648192C50F}.Debug|x86.ActiveCfg = Debug|x86
		{BB365C76-A170-4BD2-AF4E-DC648192C50F}.Debug|Xbox 360.ActiveCfg = Debug|x86
		{BB365C76-A170-4BD2-AF4E-DC648192C50F}.Release|Mixed Platforms.ActiveCfg = Release|x86
		{BB365C76-A170-4BD2-AF4E-DC648192C50F}.Release|x86.ActiveCfg = Release|x86
		{BB365C76-A170-4BD2-AF4E-DC648192C50F}.Release|Xbox 360.ActiveCfg = Release|x86
		{42793B89-19BF-4B3E-AA2C-9711D3A89CDC}.Debug|Mixed Platforms.ActiveCfg = Debug|x86
		{42793B89-19BF-4B3E-AA2C-9711D3A89CDC}.Debug|Mixed Platforms.Build.0 = Debug|x86
		{42793B89-19BF-4B3E-AA2C-9711D3A89CDC}.Debug|x86.ActiveCfg = Debug|x86
		{42793B89-19BF-4B3E-AA2C-9711D3A89CDC}.Debug|x86.Build.0 = Debug|x86
		{42793B89-19BF-4B3E-AA2C-9711D3A89CDC}.Debug|Xbox 360.ActiveCfg = Debug|x86
		{42793B89-19BF-4B3E-AA2C-9711D3A89CDC}.Debug|Xbox 360.Build.0 = Debug|x86
		{42793B89-19BF-4B3E-AA2C-9711D3A89CDC}.Release|Mixed Platforms.ActiveCfg = Release|x86
		{42793B89-19BF-4B3E-AA2C-9711D3A89CDC}.Release|Mixed Platforms.Build.0 = Release|x86
		{42793B89-19BF-4B3E-AA2C-9711D3A89CDC}.Release|x86.ActiveCfg = Release|x86
		{42793B89-19BF-4B3E-AA2C-9711D3A89CDC}.Release|x86.Build.0 = Release|x86
		{42793B89-19BF-4B3E-AA2C-9711D3A89CDC}.Release|Xbox 360.ActiveCfg = Release|x86
		{42793B89-19BF-4B3E-AA2C-9711D3A89CDC}.Release|Xbox 360.Build.0 = Release|x86
		{65823548-5C51-46FD-867F-CBB709A0CAEE}.Debug|Mixed Platforms.ActiveCfg = Debug|x86
		{65823548-5C51-46FD-867F-CBB709A0CAEE}.Debug|Mixed Platforms.Build.0 = Debug|x86
		{65823548-5C51-46FD-867F-CBB709A0CAEE}.Debug|x86.ActiveCfg = Debug|x86
		{65823548-5C51-46FD-867F-CBB709A0CAEE}.Debug|x86.Build.0 = Debug|x86
		{65823548-5C51-46FD-867F-CBB709A0CAEE}.Debug|Xbox 360.ActiveCfg = Debug|x86
		{65823548-5C51-46FD-867F-CBB709A0CAEE}.Release|Mixed Platforms.ActiveCfg = Release|x86
		{65823548-5C51-46FD-867F-CBB709A0CAEE}.Release|Mixed Platforms.Build.0 = Release|x86
		{65823548-5C51-46FD-867F-CBB709A0CAEE}.Release|x86.ActiveCfg = Release|x86
		{65823548-5C51-46FD-867F-CBB709A0CAEE}.Release|x86.Build.0 = Release|x86
		{65823548-5C51-46FD-867F-CBB709A0CAEE}.Release|Xbox 360.ActiveCfg = Release|x86
	EndGlobalSection
	GlobalSection(SolutionProperties) = preSolution
		HideSolutionNode = FALSE
	EndGlobalSection
EndGlobal
